# This file is automatically @generated by Poetry 2.1.3 and should not be changed by hand.

[[package]]
name = "pytermgui"
version = "7.7.4"
description = "Python TUI framework with mouse support, modular widget system, customizable and rapid terminal markup language and more!"
optional = false
python-versions = ">=3.8"
groups = ["main"]
files = [
    {file = "pytermgui-7.7.4-py3-none-any.whl", hash = "sha256:5f25a38f4886ee8e6e6a35c114a89101efc061bcb91ea7ba61c256ba1f163111"},
    {file = "pytermgui-7.7.4.tar.gz", hash = "sha256:f29598693ee299192f50be648933d65820e4b9a6e258007fd4bf898e3eb6c47d"},
]

[package.dependencies]
typing-extensions = "*"
wcwidth = "*"

[package.extras]
yaml = ["pyyaml"]

[[package]]
name = "typing-extensions"
version = "4.14.0"
description = "Backported and Experimental Type Hints for Python 3.9+"
optional = false
python-versions = ">=3.9"
groups = ["main"]
files = [
    {file = "typing_extensions-4.14.0-py3-none-any.whl", hash = "sha256:a1514509136dd0b477638fc68d6a91497af5076466ad0fa6c338e44e359944af"},
    {file = "typing_extensions-4.14.0.tar.gz", hash = "sha256:8676b788e32f02ab42d9e7c61324048ae4c6d844a399eebace3d4979d75ceef4"},
]

[[package]]
name = "wcwidth"
version = "0.2.13"
description = "Measures the displayed width of unicode strings in a terminal"
optional = false
python-versions = "*"
groups = ["main"]
files = [
    {file = "wcwidth-0.2.13-py2.py3-none-any.whl", hash = "sha256:3da69048e4540d84af32131829ff948f1e022c1c6bdb8d6102117aac784f6859"},
    {file = "wcwidth-0.2.13.tar.gz", hash = "sha256:72ea0c06399eb286d978fdedb6923a9eb47e1c486ce63e9b4e64fc18303972b5"},
]

[metadata]
lock-version = "2.1"
python-versions = ">=3.11"
content-hash = "7c50162429cc4fa513d24b8d4260c60d25f33d751d05f3059c64beef142898e9"
